
Microsoft Visual Studio Solution File, Format Version 12.00
# Visual Studio Version 17
VisualStudioVersion = 17.12.35506.116
MinimumVisualStudioVersion = 10.0.40219.1
Project("{FAE04EC0-301F-11D3-BF4B-00C04F79EFBC}") = "BlackJackLibrary.Test", "BlackJackLibrary.Test\BlackJackLibrary.Test.csproj", "{37A6F487-1396-4AE6-BAEE-044BE3609FC9}"
EndProject
Project("{FAE04EC0-301F-11D3-BF4B-00C04F79EFBC}") = "BlackJackLibrary", "BlackJackLibrary\BlackJackLibrary.csproj", "{AD4CEDE1-51CB-460F-830E-F7D742FC1066}"
EndProject
Project("{FAE04EC0-301F-11D3-BF4B-00C04F79EFBC}") = "BlackJackApp", "BlackJackApp\BlackJackApp.csproj", "{D0B266C6-98BE-49CD-A647-C3E196A5505E}"
EndProject
Project("{FAE04EC0-301F-11D3-BF4B-00C04F79EFBC}") = "GameConsole", "GameConsole\GameConsole.csproj", "{BF8CA549-38D5-424A-8AC4-B508D3B4203A}"
EndProject
Global
	GlobalSection(SolutionConfigurationPlatforms) = preSolution
		Debug|Any CPU = Debug|Any CPU
		Release|Any CPU = Release|Any CPU
	EndGlobalSection
	GlobalSection(ProjectConfigurationPlatforms) = postSolution
		{37A6F487-1396-4AE6-BAEE-044BE3609FC9}.Debug|Any CPU.ActiveCfg = Debug|Any CPU
		{37A6F487-1396-4AE6-BAEE-044BE3609FC9}.Debug|Any CPU.Build.0 = Debug|Any CPU
		{37A6F487-1396-4AE6-BAEE-044BE3609FC9}.Release|Any CPU.ActiveCfg = Release|Any CPU
		{37A6F487-1396-4AE6-BAEE-044BE3609FC9}.Release|Any CPU.Build.0 = Release|Any CPU
		{AD4CEDE1-51CB-460F-830E-F7D742FC1066}.Debug|Any CPU.ActiveCfg = Debug|Any CPU
		{AD4CEDE1-51CB-460F-830E-F7D742FC1066}.Debug|Any CPU.Build.0 = Debug|Any CPU
		{AD4CEDE1-51CB-460F-830E-F7D742FC1066}.Release|Any CPU.ActiveCfg = Release|Any CPU
		{AD4CEDE1-51CB-460F-830E-F7D742FC1066}.Release|Any CPU.Build.0 = Release|Any CPU
		{D0B266C6-98BE-49CD-A647-C3E196A5505E}.Debug|Any CPU.ActiveCfg = Debug|Any CPU
		{D0B266C6-98BE-49CD-A647-C3E196A5505E}.Debug|Any CPU.Build.0 = Debug|Any CPU
		{D0B266C6-98BE-49CD-A647-C3E196A5505E}.Release|Any CPU.ActiveCfg = Release|Any CPU
		{D0B266C6-98BE-49CD-A647-C3E196A5505E}.Release|Any CPU.Build.0 = Release|Any CPU
		{BF8CA549-38D5-424A-8AC4-B508D3B4203A}.Debug|Any CPU.ActiveCfg = Debug|Any CPU
		{BF8CA549-38D5-424A-8AC4-B508D3B4203A}.Debug|Any CPU.Build.0 = Debug|Any CPU
		{BF8CA549-38D5-424A-8AC4-B508D3B4203A}.Release|Any CPU.ActiveCfg = Release|Any CPU
		{BF8CA549-38D5-424A-8AC4-B508D3B4203A}.Release|Any CPU.Build.0 = Release|Any CPU
	EndGlobalSection
	GlobalSection(SolutionProperties) = preSolution
		HideSolutionNode = FALSE
	EndGlobalSection
EndGlobal
