
Microsoft Visual Studio Solution File, Format Version 12.00
# Visual Studio Version 17
VisualStudioVersion = 17.12.35506.116 d17.12
MinimumVisualStudioVersion = 10.0.40219.1
Project("{FAE04EC0-301F-11D3-BF4B-00C04F79EFBC}") = "Persoongegevens", "Persoongegevens\Persoongegevens.csproj", "{C8793A36-A9DE-47CD-86C2-EE1FB8C280B7}"
EndProject
Project("{FAE04EC0-301F-11D3-BF4B-00C04F79EFBC}") = "BMICalculator", "BMICalculator\BMICalculator.csproj", "{1A435BBA-F503-4637-87DD-626E29591319}"
EndProject
Global
	GlobalSection(SolutionConfigurationPlatforms) = preSolution
		Debug|Any CPU = Debug|Any CPU
		Release|Any CPU = Release|Any CPU
	EndGlobalSection
	GlobalSection(ProjectConfigurationPlatforms) = postSolution
		{C8793A36-A9DE-47CD-86C2-EE1FB8C280B7}.Debug|Any CPU.ActiveCfg = Debug|Any CPU
		{C8793A36-A9DE-47CD-86C2-EE1FB8C280B7}.Debug|Any CPU.Build.0 = Debug|Any CPU
		{C8793A36-A9DE-47CD-86C2-EE1FB8C280B7}.Release|Any CPU.ActiveCfg = Release|Any CPU
		{C8793A36-A9DE-47CD-86C2-EE1FB8C280B7}.Release|Any CPU.Build.0 = Release|Any CPU
		{1A435BBA-F503-4637-87DD-626E29591319}.Debug|Any CPU.ActiveCfg = Debug|Any CPU
		{1A435BBA-F503-4637-87DD-626E29591319}.Debug|Any CPU.Build.0 = Debug|Any CPU
		{1A435BBA-F503-4637-87DD-626E29591319}.Release|Any CPU.ActiveCfg = Release|Any CPU
		{1A435BBA-F503-4637-87DD-626E29591319}.Release|Any CPU.Build.0 = Release|Any CPU
	EndGlobalSection
	GlobalSection(SolutionProperties) = preSolution
		HideSolutionNode = FALSE
	EndGlobalSection
EndGlobal
