
Microsoft Visual Studio Solution File, Format Version 12.00
# Visual Studio Version 17
VisualStudioVersion = 17.12.35506.116 d17.12
MinimumVisualStudioVersion = 10.0.40219.1
Project("{FAE04EC0-301F-11D3-BF4B-00C04F79EFBC}") = "Dag09Opdrachten", "Dag09Opdrachten\Dag09Opdrachten.csproj", "{8DDAC06A-F642-4C1B-97B7-A4C0F70FC953}"
EndProject
Project("{FAE04EC0-301F-11D3-BF4B-00C04F79EFBC}") = "Dag09Opdrachten.Tests", "Dag09Opdrachten.Tests\Dag09Opdrachten.Tests.csproj", "{29A56520-2648-4081-B339-BC2C6E47ADCF}"
EndProject
Global
	GlobalSection(SolutionConfigurationPlatforms) = preSolution
		Debug|Any CPU = Debug|Any CPU
		Release|Any CPU = Release|Any CPU
	EndGlobalSection
	GlobalSection(ProjectConfigurationPlatforms) = postSolution
		{8DDAC06A-F642-4C1B-97B7-A4C0F70FC953}.Debug|Any CPU.ActiveCfg = Debug|Any CPU
		{8DDAC06A-F642-4C1B-97B7-A4C0F70FC953}.Debug|Any CPU.Build.0 = Debug|Any CPU
		{8DDAC06A-F642-4C1B-97B7-A4C0F70FC953}.Release|Any CPU.ActiveCfg = Release|Any CPU
		{8DDAC06A-F642-4C1B-97B7-A4C0F70FC953}.Release|Any CPU.Build.0 = Release|Any CPU
		{29A56520-2648-4081-B339-BC2C6E47ADCF}.Debug|Any CPU.ActiveCfg = Debug|Any CPU
		{29A56520-2648-4081-B339-BC2C6E47ADCF}.Debug|Any CPU.Build.0 = Debug|Any CPU
		{29A56520-2648-4081-B339-BC2C6E47ADCF}.Release|Any CPU.ActiveCfg = Release|Any CPU
		{29A56520-2648-4081-B339-BC2C6E47ADCF}.Release|Any CPU.Build.0 = Release|Any CPU
	EndGlobalSection
	GlobalSection(SolutionProperties) = preSolution
		HideSolutionNode = FALSE
	EndGlobalSection
EndGlobal
